{
  "projects": [
    {
      "projectId": "mujoL4gD3qd1ezKDLZ31rZ",
      "version": "latest",
      "dependencies": {},
      "lang": "js",
      "fileLocks": [
        {
          "type": "globalVariant",
          "assetId": "EKYPZDKSLjd0F",
          "checksum": "504ded7749e3d90876f7bdad398f47ad"
        },
        {
          "type": "globalVariant",
          "assetId": "zulsK3o-3W",
          "checksum": "2b91206e403a6284a2c39d854bcab23c"
        },
        {
          "type": "renderModule",
          "assetId": "ZgtgOwq6J5gf",
          "checksum": "e1ac8b045ccadae870e2c07e974b8f36"
        },
        {
          "type": "cssRules",
          "assetId": "ZgtgOwq6J5gf",
          "checksum": "e1ac8b045ccadae870e2c07e974b8f36"
        },
        {
          "type": "renderModule",
          "assetId": "uHRDF-VO-A",
          "checksum": "82d8c31084995bfd384d691a97250012"
        },
        {
          "type": "cssRules",
          "assetId": "uHRDF-VO-A",
          "checksum": "82d8c31084995bfd384d691a97250012"
        },
        {
          "type": "renderModule",
          "assetId": "JaZPnDe4BQ",
          "checksum": "b54347d768cc4a2bae2b216df4b169b9"
        },
        {
          "type": "cssRules",
          "assetId": "JaZPnDe4BQ",
          "checksum": "b54347d768cc4a2bae2b216df4b169b9"
        },
        {
          "type": "renderModule",
          "assetId": "KiN_FJLYI1",
          "checksum": "53a53e87baaad0726f440ab3ef062315"
        },
        {
          "type": "cssRules",
          "assetId": "KiN_FJLYI1",
          "checksum": "53a53e87baaad0726f440ab3ef062315"
        },
        {
          "type": "renderModule",
          "assetId": "mEnM6zW3GD",
          "checksum": "9d5d338ccc8cef23f4fe52e322405af0"
        },
        {
          "type": "cssRules",
          "assetId": "mEnM6zW3GD",
          "checksum": "9d5d338ccc8cef23f4fe52e322405af0"
        },
        {
          "type": "renderModule",
          "assetId": "tKqf7q97A-",
          "checksum": "bd9354f64edd39386b7880ad9554a8a9"
        },
        {
          "type": "cssRules",
          "assetId": "tKqf7q97A-",
          "checksum": "bd9354f64edd39386b7880ad9554a8a9"
        },
        {
          "type": "renderModule",
          "assetId": "JmW7BQJp6k",
          "checksum": "ae477eab4532c6d2b93a59250e0283ea"
        },
        {
          "type": "cssRules",
          "assetId": "JmW7BQJp6k",
          "checksum": "ae477eab4532c6d2b93a59250e0283ea"
        },
        {
          "type": "renderModule",
          "assetId": "ZbI4Qm1ePM",
          "checksum": "620af45f4ad8137ac8e71ce17471a2b2"
        },
        {
          "type": "cssRules",
          "assetId": "ZbI4Qm1ePM",
          "checksum": "620af45f4ad8137ac8e71ce17471a2b2"
        },
        {
          "type": "icon",
          "assetId": "5Sy2g4y6V",
          "checksum": "3c628cf3b1e7cc87ed7328dc9a754023"
        },
        {
          "type": "icon",
          "assetId": "BZoH_3Sy18",
          "checksum": "438ddc8432f15c7b3679095b0edb1b83"
        },
        {
          "type": "icon",
          "assetId": "PH_4kYBwV",
          "checksum": "69c6a18482d53836e4ec35a883c2d210"
        },
        {
          "type": "icon",
          "assetId": "J7fJnmL4N",
          "checksum": "85771e0050352d9cba06e8bf4eb83020"
        },
        {
          "type": "icon",
          "assetId": "aBAB-JPNq",
          "checksum": "1e5133de7759d77b6497c5472869f7cd"
        },
        {
          "type": "icon",
          "assetId": "iZuEl1jiaD",
          "checksum": "34ed90142a445cd991ec712fb1c73d42"
        },
        {
          "type": "icon",
          "assetId": "DCl8WunXZe",
          "checksum": "52b896407bc8f055bb768987a80d4958"
        },
        {
          "type": "icon",
          "assetId": "imnHY-_8sU",
          "checksum": "8c4ff5c4346aa5bad1772b033fcfb043"
        },
        {
          "type": "icon",
          "assetId": "nS7MqAdlwl",
          "checksum": "c00763ba9dba7fdaeaff8bdd5dabd482"
        },
        {
          "type": "image",
          "assetId": "BJ4znGHN7D",
          "checksum": "34c72699077e85983ccbb0514cf28ff6"
        },
        {
          "type": "icon",
          "assetId": "2cwRWiCxc",
          "checksum": "2a03afa982e9b78ad445225027731b1e"
        },
        {
          "type": "globalVariant",
          "assetId": "ntiwPmQAsH",
          "checksum": "f2b1a5bea18d5fbfd797f16729e26c27"
        },
        {
          "type": "renderModule",
          "assetId": "x1wtGmTljS",
          "checksum": "4887238f690a1add4b2d3ede0b2fd59d"
        },
        {
          "type": "cssRules",
          "assetId": "x1wtGmTljS",
          "checksum": "4887238f690a1add4b2d3ede0b2fd59d"
        },
        {
          "type": "renderModule",
          "assetId": "zPZ01Sff-L",
          "checksum": "e8206267935503bc8746ddb952b76298"
        },
        {
          "type": "cssRules",
          "assetId": "zPZ01Sff-L",
          "checksum": "e8206267935503bc8746ddb952b76298"
        },
        {
          "type": "image",
          "assetId": "8HSCguIpl",
          "checksum": "071da4d2299ca3b5de724768f562b410"
        },
        {
          "type": "renderModule",
          "assetId": "owBVWJcT4K",
          "checksum": "2f6d541e2ca3764097bb8a5d654f84cc"
        },
        {
          "type": "cssRules",
          "assetId": "owBVWJcT4K",
          "checksum": "2f6d541e2ca3764097bb8a5d654f84cc"
        },
        {
          "type": "image",
          "assetId": "9E8fl55ys",
          "checksum": "e99b1f816648269d1616c35582ddf0f3"
        },
        {
          "type": "image",
          "assetId": "meo1PxVZ7",
          "checksum": "fc6fcdafc22e614c527ba6fab7ce9032"
        },
        {
          "type": "renderModule",
          "assetId": "lqv31eB-tK",
          "checksum": "e92962364b6e6acc82424a19b6c9408d"
        },
        {
          "type": "cssRules",
          "assetId": "lqv31eB-tK",
          "checksum": "e92962364b6e6acc82424a19b6c9408d"
        },
        {
          "type": "icon",
          "assetId": "GuFQhLpY5",
          "checksum": "13a34aaffd94a33620a28c09e9eb1f9d"
        },
        {
          "type": "icon",
          "assetId": "i-ZGrNlsT",
          "checksum": "23cb8f1087b398676eabde7535dd70dd"
        },
        {
          "type": "icon",
          "assetId": "j92l7Cm_Yv",
          "checksum": "2e4e5db35998a2a2cd1e3ef26938c249"
        },
        {
          "type": "icon",
          "assetId": "0hscHUcbO",
          "checksum": "1809949ad5864a55c7f9e935e4b16e24"
        },
        {
          "type": "globalVariant",
          "assetId": "hhgYSeu_QK",
          "checksum": "611ee2f31a7e67519f6ee137e938a13c"
        },
        {
          "type": "icon",
          "assetId": "-Sn3oKbpj",
          "checksum": "b685beafd35dc4ae646d9e936e1e848c"
        },
        {
          "type": "icon",
          "assetId": "0E6VNpvfVZ",
          "checksum": "a246953dcd4955e1d7dab3f01d57203b"
        },
        {
          "type": "icon",
          "assetId": "vdZN0hmLgA",
          "checksum": "f3fa0df24b178c78bb51ddd2077af75d"
        },
        {
          "type": "icon",
          "assetId": "brPKQ_p-dZ",
          "checksum": "e1b8c608f5814c8b4170ec895abfdd60"
        },
        {
          "type": "icon",
          "assetId": "fhhpKKup_h",
          "checksum": "917eb09b8da088cbbf5ebfe80ca7606b"
        },
        {
          "type": "icon",
          "assetId": "ihEMujSlj",
          "checksum": "9dc6ca2c568ba9b6cd691fb6992b4d46"
        },
        {
          "type": "icon",
          "assetId": "AUjVyYf1-",
          "checksum": "63736ef081936dfcd1beae0d16b75b35"
        },
        {
          "type": "icon",
          "assetId": "CEDPVo8n8",
          "checksum": "55cc0346a953917bb2ce1cd740beb268"
        },
        {
          "type": "icon",
          "assetId": "fNKpYQeP9",
          "checksum": "c4157652d70e3bafa8e9509ef76a4617"
        },
        {
          "type": "renderModule",
          "assetId": "SiSovdu-fA",
          "checksum": "d0636999167136053012732f11b0345c"
        },
        {
          "type": "cssRules",
          "assetId": "SiSovdu-fA",
          "checksum": "d0636999167136053012732f11b0345c"
        },
        {
          "type": "icon",
          "assetId": "KHmeucXbCp",
          "checksum": "0161dc60005a75ac17e7c031cadc3f02"
        },
        {
          "type": "renderModule",
          "assetId": "9yKLngp1XNu",
          "checksum": "923a7a61d71d7add92a1e37a39000d74"
        },
        {
          "type": "cssRules",
          "assetId": "9yKLngp1XNu",
          "checksum": "923a7a61d71d7add92a1e37a39000d74"
        },
        {
          "type": "icon",
          "assetId": "9deESLzdtBn",
          "checksum": "0dacd245662837e41269e4fe3e01977e"
        },
        {
          "type": "icon",
          "assetId": "ykJmUC__Ykl",
          "checksum": "ce0eab3f995147c76ebf1e06e324bfb8"
        },
        {
          "type": "icon",
          "assetId": "GP0PpNpUV",
          "checksum": "557d224359c3dbda3b9c95c871902deb"
        },
        {
          "type": "icon",
          "assetId": "PiVIGAVUm",
          "checksum": "69506f5277013d8a97704e4cdf615b14"
        },
        {
          "type": "icon",
          "assetId": "4vkcnz2Ax",
          "checksum": "b5651d7f39b982f1eff5ed5cd907e74d"
        },
        {
          "assetId": "mujoL4gD3qd1ezKDLZ31rZ",
          "type": "projectCss",
          "checksum": "699b06e2d6a0e68f78e434166c0da767"
        }
      ],
      "codegenVersion": "0.0.1"
    }
  ],
  "cliVersion": "0.1.171"
}
