{
  "projects": [
    {
      "projectId": "mujoL4gD3qd1ezKDLZ31rZ",
      "version": "latest",
      "dependencies": {},
      "lang": "js",
      "fileLocks": [
        {
          "type": "globalVariant",
          "assetId": "EKYPZDKSLjd0F",
          "checksum": "504ded7749e3d90876f7bdad398f47ad"
        },
        {
          "type": "globalVariant",
          "assetId": "zulsK3o-3W",
          "checksum": "2b91206e403a6284a2c39d854bcab23c"
        },
        {
          "type": "renderModule",
          "assetId": "ZgtgOwq6J5gf",
          "checksum": "800e1863bea520969d5b0859e66986c0"
        },
        {
          "type": "cssRules",
          "assetId": "ZgtgOwq6J5gf",
          "checksum": "800e1863bea520969d5b0859e66986c0"
        },
        {
          "type": "renderModule",
          "assetId": "uHRDF-VO-A",
          "checksum": "63bc7160a9bb084f7521e13fe2c6cf35"
        },
        {
          "type": "cssRules",
          "assetId": "uHRDF-VO-A",
          "checksum": "63bc7160a9bb084f7521e13fe2c6cf35"
        },
        {
          "type": "renderModule",
          "assetId": "JaZPnDe4BQ",
          "checksum": "2a4b117391d1c28158db497a67c0d40b"
        },
        {
          "type": "cssRules",
          "assetId": "JaZPnDe4BQ",
          "checksum": "2a4b117391d1c28158db497a67c0d40b"
        },
        {
          "type": "renderModule",
          "assetId": "KiN_FJLYI1",
          "checksum": "f5cc50d88c83df3b91d625221993da73"
        },
        {
          "type": "cssRules",
          "assetId": "KiN_FJLYI1",
          "checksum": "f5cc50d88c83df3b91d625221993da73"
        },
        {
          "type": "renderModule",
          "assetId": "mEnM6zW3GD",
          "checksum": "c3587e61d65dbc49abe595c740a35b72"
        },
        {
          "type": "cssRules",
          "assetId": "mEnM6zW3GD",
          "checksum": "c3587e61d65dbc49abe595c740a35b72"
        },
        {
          "type": "renderModule",
          "assetId": "tKqf7q97A-",
          "checksum": "f4567fac39d525206d375e2e624ba5dc"
        },
        {
          "type": "cssRules",
          "assetId": "tKqf7q97A-",
          "checksum": "f4567fac39d525206d375e2e624ba5dc"
        },
        {
          "type": "renderModule",
          "assetId": "JmW7BQJp6k",
          "checksum": "61fb913bc589697f9df43a174578ce49"
        },
        {
          "type": "cssRules",
          "assetId": "JmW7BQJp6k",
          "checksum": "61fb913bc589697f9df43a174578ce49"
        },
        {
          "type": "renderModule",
          "assetId": "ZbI4Qm1ePM",
          "checksum": "879a846fdad2396bddb4397dc3463503"
        },
        {
          "type": "cssRules",
          "assetId": "ZbI4Qm1ePM",
          "checksum": "879a846fdad2396bddb4397dc3463503"
        },
        {
          "type": "icon",
          "assetId": "5Sy2g4y6V",
          "checksum": "3c628cf3b1e7cc87ed7328dc9a754023"
        },
        {
          "type": "icon",
          "assetId": "BZoH_3Sy18",
          "checksum": "438ddc8432f15c7b3679095b0edb1b83"
        },
        {
          "type": "icon",
          "assetId": "PH_4kYBwV",
          "checksum": "69c6a18482d53836e4ec35a883c2d210"
        },
        {
          "type": "icon",
          "assetId": "J7fJnmL4N",
          "checksum": "85771e0050352d9cba06e8bf4eb83020"
        },
        {
          "type": "icon",
          "assetId": "aBAB-JPNq",
          "checksum": "1e5133de7759d77b6497c5472869f7cd"
        },
        {
          "type": "icon",
          "assetId": "iZuEl1jiaD",
          "checksum": "34ed90142a445cd991ec712fb1c73d42"
        },
        {
          "type": "icon",
          "assetId": "DCl8WunXZe",
          "checksum": "52b896407bc8f055bb768987a80d4958"
        },
        {
          "type": "icon",
          "assetId": "imnHY-_8sU",
          "checksum": "8c4ff5c4346aa5bad1772b033fcfb043"
        },
        {
          "type": "icon",
          "assetId": "nS7MqAdlwl",
          "checksum": "c00763ba9dba7fdaeaff8bdd5dabd482"
        },
        {
          "type": "image",
          "assetId": "BJ4znGHN7D",
          "checksum": "34c72699077e85983ccbb0514cf28ff6"
        },
        {
          "type": "icon",
          "assetId": "2cwRWiCxc",
          "checksum": "2a03afa982e9b78ad445225027731b1e"
        },
        {
          "type": "globalVariant",
          "assetId": "ntiwPmQAsH",
          "checksum": "f2b1a5bea18d5fbfd797f16729e26c27"
        },
        {
          "type": "renderModule",
          "assetId": "x1wtGmTljS",
          "checksum": "501fe292efc5506841e49b3cba5d8ec4"
        },
        {
          "type": "cssRules",
          "assetId": "x1wtGmTljS",
          "checksum": "501fe292efc5506841e49b3cba5d8ec4"
        },
        {
          "type": "renderModule",
          "assetId": "zPZ01Sff-L",
          "checksum": "d9791863b09a70623b7b7686e34a5e26"
        },
        {
          "type": "cssRules",
          "assetId": "zPZ01Sff-L",
          "checksum": "d9791863b09a70623b7b7686e34a5e26"
        },
        {
          "type": "image",
          "assetId": "8HSCguIpl",
          "checksum": "fb3c9f3aef7f79f404aa552c155944cd"
        },
        {
          "type": "renderModule",
          "assetId": "owBVWJcT4K",
          "checksum": "e3f471fb5ed4f0f913d73f20b924f1cb"
        },
        {
          "type": "cssRules",
          "assetId": "owBVWJcT4K",
          "checksum": "e3f471fb5ed4f0f913d73f20b924f1cb"
        },
        {
          "type": "image",
          "assetId": "9E8fl55ys",
          "checksum": "e99b1f816648269d1616c35582ddf0f3"
        },
        {
          "type": "image",
          "assetId": "meo1PxVZ7",
          "checksum": "fc6fcdafc22e614c527ba6fab7ce9032"
        },
        {
          "type": "renderModule",
          "assetId": "lqv31eB-tK",
          "checksum": "7a64b519f142245bb9f421e1c4ca186e"
        },
        {
          "type": "cssRules",
          "assetId": "lqv31eB-tK",
          "checksum": "7a64b519f142245bb9f421e1c4ca186e"
        },
        {
          "type": "icon",
          "assetId": "GuFQhLpY5",
          "checksum": "13a34aaffd94a33620a28c09e9eb1f9d"
        },
        {
          "type": "icon",
          "assetId": "i-ZGrNlsT",
          "checksum": "23cb8f1087b398676eabde7535dd70dd"
        },
        {
          "type": "icon",
          "assetId": "j92l7Cm_Yv",
          "checksum": "2e4e5db35998a2a2cd1e3ef26938c249"
        },
        {
          "type": "icon",
          "assetId": "0hscHUcbO",
          "checksum": "1809949ad5864a55c7f9e935e4b16e24"
        },
        {
          "type": "globalVariant",
          "assetId": "hhgYSeu_QK",
          "checksum": "611ee2f31a7e67519f6ee137e938a13c"
        },
        {
          "type": "icon",
          "assetId": "-Sn3oKbpj",
          "checksum": "b685beafd35dc4ae646d9e936e1e848c"
        },
        {
          "type": "icon",
          "assetId": "0E6VNpvfVZ",
          "checksum": "a246953dcd4955e1d7dab3f01d57203b"
        },
        {
          "type": "icon",
          "assetId": "vdZN0hmLgA",
          "checksum": "f3fa0df24b178c78bb51ddd2077af75d"
        },
        {
          "type": "icon",
          "assetId": "brPKQ_p-dZ",
          "checksum": "e1b8c608f5814c8b4170ec895abfdd60"
        },
        {
          "type": "icon",
          "assetId": "fhhpKKup_h",
          "checksum": "917eb09b8da088cbbf5ebfe80ca7606b"
        },
        {
          "type": "icon",
          "assetId": "ihEMujSlj",
          "checksum": "9dc6ca2c568ba9b6cd691fb6992b4d46"
        },
        {
          "type": "icon",
          "assetId": "AUjVyYf1-",
          "checksum": "63736ef081936dfcd1beae0d16b75b35"
        },
        {
          "type": "icon",
          "assetId": "CEDPVo8n8",
          "checksum": "55cc0346a953917bb2ce1cd740beb268"
        },
        {
          "type": "icon",
          "assetId": "fNKpYQeP9",
          "checksum": "c4157652d70e3bafa8e9509ef76a4617"
        },
        {
          "type": "renderModule",
          "assetId": "SiSovdu-fA",
          "checksum": "5c5015c603851dca4fee05e25fddd659"
        },
        {
          "type": "cssRules",
          "assetId": "SiSovdu-fA",
          "checksum": "5c5015c603851dca4fee05e25fddd659"
        },
        {
          "type": "icon",
          "assetId": "KHmeucXbCp",
          "checksum": "0161dc60005a75ac17e7c031cadc3f02"
        },
        {
          "type": "renderModule",
          "assetId": "9yKLngp1XNu",
          "checksum": "e6e258f7c74bdaaffe25abd8fd2046d2"
        },
        {
          "type": "cssRules",
          "assetId": "9yKLngp1XNu",
          "checksum": "e6e258f7c74bdaaffe25abd8fd2046d2"
        },
        {
          "type": "icon",
          "assetId": "9deESLzdtBn",
          "checksum": "0dacd245662837e41269e4fe3e01977e"
        },
        {
          "type": "icon",
          "assetId": "ykJmUC__Ykl",
          "checksum": "ce0eab3f995147c76ebf1e06e324bfb8"
        },
        {
          "type": "icon",
          "assetId": "GP0PpNpUV",
          "checksum": "557d224359c3dbda3b9c95c871902deb"
        },
        {
          "type": "icon",
          "assetId": "PiVIGAVUm",
          "checksum": "69506f5277013d8a97704e4cdf615b14"
        },
        {
          "type": "icon",
          "assetId": "4vkcnz2Ax",
          "checksum": "b5651d7f39b982f1eff5ed5cd907e74d"
        },
        {
          "type": "renderModule",
          "assetId": "9qnpA1HN2m",
          "checksum": "f9c6f4b90a2e1a451bdd69d8676c69af"
        },
        {
          "type": "cssRules",
          "assetId": "9qnpA1HN2m",
          "checksum": "f9c6f4b90a2e1a451bdd69d8676c69af"
        },
        {
          "type": "renderModule",
          "assetId": "tpGGTqAMcV",
          "checksum": "5a81d7b9d1c55ab26974f999f2bf83e0"
        },
        {
          "type": "cssRules",
          "assetId": "tpGGTqAMcV",
          "checksum": "5a81d7b9d1c55ab26974f999f2bf83e0"
        },
        {
          "type": "renderModule",
          "assetId": "aKFOcjoeGS",
          "checksum": "682c46f0262c044ad040cca0151517b6"
        },
        {
          "type": "cssRules",
          "assetId": "aKFOcjoeGS",
          "checksum": "682c46f0262c044ad040cca0151517b6"
        },
        {
          "type": "renderModule",
          "assetId": "MWrNArJlLj",
          "checksum": "f68aee001e7021de2597be7ca2367128"
        },
        {
          "type": "cssRules",
          "assetId": "MWrNArJlLj",
          "checksum": "f68aee001e7021de2597be7ca2367128"
        },
        {
          "type": "renderModule",
          "assetId": "TUg6Mf9vnH",
          "checksum": "18bf729c8f4dff48b2d1a318c52aa0b9"
        },
        {
          "type": "cssRules",
          "assetId": "TUg6Mf9vnH",
          "checksum": "18bf729c8f4dff48b2d1a318c52aa0b9"
        },
        {
          "type": "renderModule",
          "assetId": "us8NkiEt0M",
          "checksum": "42ab2ebd45479f7be113b93fbf4d8136"
        },
        {
          "type": "cssRules",
          "assetId": "us8NkiEt0M",
          "checksum": "42ab2ebd45479f7be113b93fbf4d8136"
        },
        {
          "type": "renderModule",
          "assetId": "LNRBt2aUzm",
          "checksum": "94881c8055b4707025791828618f50cf"
        },
        {
          "type": "cssRules",
          "assetId": "LNRBt2aUzm",
          "checksum": "94881c8055b4707025791828618f50cf"
        },
        {
          "type": "renderModule",
          "assetId": "6NgyzpZAz-",
          "checksum": "e9957f200103d4076ecc3bd241c4e50f"
        },
        {
          "type": "cssRules",
          "assetId": "6NgyzpZAz-",
          "checksum": "e9957f200103d4076ecc3bd241c4e50f"
        },
        {
          "type": "image",
          "assetId": "OgUr_0kDw",
          "checksum": "483280b8a0d2b533d539e6f05d5fbee2"
        },
        {
          "type": "renderModule",
          "assetId": "tThhXlSj4r",
          "checksum": "f3ec018d79d12d3a37481d0262f37a3e"
        },
        {
          "type": "cssRules",
          "assetId": "tThhXlSj4r",
          "checksum": "f3ec018d79d12d3a37481d0262f37a3e"
        },
        {
          "type": "icon",
          "assetId": "iy4A9uBWD",
          "checksum": "ca095efbec894b118d31b07f05e2418d"
        },
        {
          "type": "image",
          "assetId": "y3bRP8cp1",
          "checksum": "a38c928b739ceaff3ced9f23b5a9f325"
        },
        {
          "type": "image",
          "assetId": "O_V_r0nOy",
          "checksum": "cc8d4d540f8171c5b3a799d680b022ed"
        },
        {
          "type": "image",
          "assetId": "JIeMq-IOo",
          "checksum": "c2cf54feaaf603121ed0bf5ac157348a"
        },
        {
          "type": "icon",
          "assetId": "b3K-zpFY_4",
          "checksum": "0b03e0c700b2a83fa3856863a1bad758"
        },
        {
          "type": "renderModule",
          "assetId": "oYHrOG4pQI",
          "checksum": "900d211a313861cb3aa63f7a78a7431c"
        },
        {
          "type": "cssRules",
          "assetId": "oYHrOG4pQI",
          "checksum": "900d211a313861cb3aa63f7a78a7431c"
        },
        {
          "type": "renderModule",
          "assetId": "IQmvc6tT46",
          "checksum": "1843bec0f2ac41275bcb9e94b2e24f97"
        },
        {
          "type": "cssRules",
          "assetId": "IQmvc6tT46",
          "checksum": "1843bec0f2ac41275bcb9e94b2e24f97"
        },
        {
          "type": "image",
          "assetId": "7st4ob6VJ",
          "checksum": "d8f762ab283afcc16a32f2dcb93a8f10"
        },
        {
          "type": "image",
          "assetId": "lQjd9xtUP",
          "checksum": "19e411556c21462f01575bbfc2bba2c2"
        },
        {
          "type": "image",
          "assetId": "n5LfcRGsG",
          "checksum": "4c3a7b8374d91f896b312acbedec2e49"
        },
        {
          "type": "image",
          "assetId": "ixIW820KF",
          "checksum": "67786be23f2d18815f8fdb053dc8a928"
        },
        {
          "type": "image",
          "assetId": "LcRWsB4si",
          "checksum": "df8aca613f12bc17a98782e13c6362e4"
        },
        {
          "type": "image",
          "assetId": "o2bv1_FGl",
          "checksum": "b1d342e46b006ec119324a7b977c62fe"
        },
        {
          "type": "image",
          "assetId": "H434MGFVC",
          "checksum": "4d9887024954adca18ff3ad66be64668"
        },
        {
          "type": "image",
          "assetId": "3VZaG6tpr",
          "checksum": "fb2b15ca2c5a66ee3e5c5c6b07f2b117"
        },
        {
          "type": "image",
          "assetId": "7RfihwsQv",
          "checksum": "3175e4e71be80b10dd23c8bada6e5321"
        },
        {
          "type": "image",
          "assetId": "rXa2FmKO4",
          "checksum": "89b3e5968eb55ee2050552c1aaa08621"
        },
        {
          "type": "image",
          "assetId": "6cj__prr3",
          "checksum": "cdbb8478b9fe65398ef02e0b0accd5bb"
        },
        {
          "assetId": "mujoL4gD3qd1ezKDLZ31rZ",
          "type": "projectCss",
          "checksum": "9a3a51e4b75989d0ed02fd8921534d79"
        }
      ],
      "codegenVersion": "0.0.1"
    }
  ],
  "cliVersion": "0.1.171"
}
